
Microsoft Visual Studio Solution File, Format Version 12.00
# Visual Studio Version 17
VisualStudioVersion = 17.3.32505.426
MinimumVisualStudioVersion = 10.0.40219.1
Project("{2150E333-8FDC-42A3-9474-1A3956D46DE8}") = "Solution Items", "Solution Items", "{9F57D72D-FB95-4421-81E3-7FD3775B3B47}"
	ProjectSection(SolutionItems) = preProject
		README.md = README.md
	EndProjectSection
EndProject
Project("{FAE04EC0-301F-11D3-BF4B-00C04F79EFBC}") = "CentralPackageManagementMigrator.Runner", "src\CentralPackageManagementMigrator.Runner\CentralPackageManagementMigrator.Runner.csproj", "{BF6DF178-58D2-4C0A-8C79-81033032C13B}"
EndProject
Global
	GlobalSection(SolutionConfigurationPlatforms) = preSolution
		Debug|Any CPU = Debug|Any CPU
		Release|Any CPU = Release|Any CPU
	EndGlobalSection
	GlobalSection(ProjectConfigurationPlatforms) = postSolution
		{BF6DF178-58D2-4C0A-8C79-81033032C13B}.Debug|Any CPU.ActiveCfg = Debug|Any CPU
		{BF6DF178-58D2-4C0A-8C79-81033032C13B}.Debug|Any CPU.Build.0 = Debug|Any CPU
		{BF6DF178-58D2-4C0A-8C79-81033032C13B}.Release|Any CPU.ActiveCfg = Release|Any CPU
		{BF6DF178-58D2-4C0A-8C79-81033032C13B}.Release|Any CPU.Build.0 = Release|Any CPU
	EndGlobalSection
	GlobalSection(SolutionProperties) = preSolution
		HideSolutionNode = FALSE
	EndGlobalSection
	GlobalSection(ExtensibilityGlobals) = postSolution
		SolutionGuid = {35442023-232D-499B-9C63-DB007D22888D}
	EndGlobalSection
EndGlobal
